
Microsoft Visual Studio Solution File, Format Version 12.00
# Visual Studio Version 17
VisualStudioVersion = 17.1.32328.378
MinimumVisualStudioVersion = 10.0.40219.1
Project("{FAE04EC0-301F-11D3-BF4B-00C04F79EFBC}") = "Goblin", "Goblin.csproj", "{8DB2B117-53DF-45C3-B340-55A784C766C1}"
EndProject
Project("{2150E333-8FDC-42A3-9474-1A3956D46DE8}") = "Solution Items", "Solution Items", "{98E0DAC3-A381-4D66-BE1C-DDC41DAFD4E6}"
	ProjectSection(SolutionItems) = preProject
		.editorconfig = .editorconfig
	EndProjectSection
EndProject
Global
	GlobalSection(SolutionConfigurationPlatforms) = preSolution
		Debug|Any CPU = Debug|Any CPU
		Release|Any CPU = Release|Any CPU
	EndGlobalSection
	GlobalSection(ProjectConfigurationPlatforms) = postSolution
		{8DB2B117-53DF-45C3-B340-55A784C766C1}.Debug|Any CPU.ActiveCfg = Debug|Any CPU
		{8DB2B117-53DF-45C3-B340-55A784C766C1}.Debug|Any CPU.Build.0 = Debug|Any CPU
		{8DB2B117-53DF-45C3-B340-55A784C766C1}.Release|Any CPU.ActiveCfg = Release|Any CPU
		{8DB2B117-53DF-45C3-B340-55A784C766C1}.Release|Any CPU.Build.0 = Release|Any CPU
	EndGlobalSection
	GlobalSection(SolutionProperties) = preSolution
		HideSolutionNode = FALSE
	EndGlobalSection
	GlobalSection(ExtensibilityGlobals) = postSolution
		SolutionGuid = {A6254C45-7BB4-4F87-9342-7D4DB928B8BB}
	EndGlobalSection
EndGlobal
